{
  "name": "@bildit/test-repo-b",
  "version": "1.0.6",
  "lockfileVersion": 1,
  "requires": true,
  "dependencies": {
    "@bildit/test-repo-a": {
      "version": "1.0.13",
      "resolved": "https://registry.npmjs.org/@bildit/test-repo-a/-/test-repo-a-1.0.13.tgz",
      "integrity": "sha512-Llxi8erWq9R3TNdNPJtiDhDa79CS1IVsNwSrfo+xIRGV8qByIU03ZoGjq840ABVYTQBrEOFTzAKdz4GfjNQA6Q=="
    }
  }
}
