{
  "name": "@bilt/test-repo-c",
  "version": "1.0.0",
  "lockfileVersion": 1,
  "requires": true,
  "dependencies": {
    "@bilt/test-repo-a": {
      "version": "1.0.51",
      "resolved": "https://registry.npmjs.org/@bilt/test-repo-a/-/test-repo-a-1.0.51.tgz",
      "integrity": "sha512-1Leuc/rmiT1d1vdWyok3pyhbmyPUwXp6rmWxAUxRMwQMoDjp3YPCJfkkfbgIFPaiNfUtcQ4ZvQpoQMEeLDx7vg=="
    }
  }
}
