{
  "name": "@bilt/test-repo-c",
  "version": "1.0.0",
  "lockfileVersion": 1,
  "requires": true,
  "dependencies": {
    "@bilt/test-repo-a": {
      "version": "1.0.33",
      "resolved": "https://registry.npmjs.org/@bilt/test-repo-a/-/test-repo-a-1.0.33.tgz",
      "integrity": "sha512-/ygObPuGTIwKKNEnY3DiZyN5MlKV7lfTLCqAg/ROGZfgNpxCI8Pp6m8g9i5Cr2DObznjTpqtFRj5HlfxJbE6Eg=="
    }
  }
}
